
Microsoft Visual Studio Solution File, Format Version 12.00
# Visual Studio Version 17
VisualStudioVersion = 17.2.32630.192
MinimumVisualStudioVersion = 10.0.40219.1
Project("{FAE04EC0-301F-11D3-BF4B-00C04F79EFBC}") = "MyApi", "MyApi\MyApi.csproj", "{4526F3B1-3887-498A-B079-22F05FA3DA62}"
EndProject
Project("{FAE04EC0-301F-11D3-BF4B-00C04F79EFBC}") = "MyApi.Test", "MyApi.Test\MyApi.Test.csproj", "{32089AFF-5CDD-4D76-9100-2D8F91048776}"
EndProject
Global
	GlobalSection(SolutionConfigurationPlatforms) = preSolution
		Debug|Any CPU = Debug|Any CPU
		Release|Any CPU = Release|Any CPU
	EndGlobalSection
	GlobalSection(ProjectConfigurationPlatforms) = postSolution
		{4526F3B1-3887-498A-B079-22F05FA3DA62}.Debug|Any CPU.ActiveCfg = Debug|Any CPU
		{4526F3B1-3887-498A-B079-22F05FA3DA62}.Debug|Any CPU.Build.0 = Debug|Any CPU
		{4526F3B1-3887-498A-B079-22F05FA3DA62}.Release|Any CPU.ActiveCfg = Release|Any CPU
		{4526F3B1-3887-498A-B079-22F05FA3DA62}.Release|Any CPU.Build.0 = Release|Any CPU
		{32089AFF-5CDD-4D76-9100-2D8F91048776}.Debug|Any CPU.ActiveCfg = Debug|Any CPU
		{32089AFF-5CDD-4D76-9100-2D8F91048776}.Debug|Any CPU.Build.0 = Debug|Any CPU
		{32089AFF-5CDD-4D76-9100-2D8F91048776}.Release|Any CPU.ActiveCfg = Release|Any CPU
		{32089AFF-5CDD-4D76-9100-2D8F91048776}.Release|Any CPU.Build.0 = Release|Any CPU
	EndGlobalSection
	GlobalSection(SolutionProperties) = preSolution
		HideSolutionNode = FALSE
	EndGlobalSection
	GlobalSection(ExtensibilityGlobals) = postSolution
		SolutionGuid = {591C3EB7-A201-4FB4-B623-719AA370DFE6}
	EndGlobalSection
EndGlobal
